# This file was autogenerated by Stack.
# You should not edit this file by hand.
# For more information, please see the documentation at:
#   https://docs.haskellstack.org/en/stable/topics/lock_files

packages:
- completed:
    hackage: ac-library-hs-1.5.3.0@sha256:d59051f8ca9fcfc8da62356aa139aad24d56aaed9ba665025f327b8a1eb1e6b7,7647
    pantry-tree:
      sha256: 2880edef1b02b4d35c8c0b346211004765835485bdfaec87045f0e1b59ad0db6
      size: 11937
  original:
    hackage: ac-library-hs-1.5.3.0
- completed:
    hackage: QuickCheck-2.16.0.0@sha256:f4210647167f873196b01050ac074a44821b6687e26f792ad3474b6388c5f8b7,9208
    pantry-tree:
      sha256: d9ad9ff0ac7979e9ad808bd3485d17da1a386dda43a5c81b48901a0360290d81
      size: 2627
  original:
    hackage: QuickCheck-2.16.0.0
- completed:
    hackage: adjunctions-4.4.3@sha256:766e116f1c348b6518b96291961a7768e98fc467cfd29e51c230177eb997e676,3161
    pantry-tree:
      sha256: 544fd627ac4f8ebde483b4996b53e88b0ba7036c067d0700ae8a9d65453bab73
      size: 1391
  original:
    hackage: adjunctions-4.4.3
- completed:
    hackage: attoparsec-0.14.4@sha256:35129d0ab1741f000f1a7d2fc839544919ee6fbb8f2d6e7f0a629c41f91035f3,5914
    pantry-tree:
      sha256: 467033f4d538aaeb309c15632018f2621eeace79fe7286e9242c7e75b59ced82
      size: 5039
  original:
    hackage: attoparsec-0.14.4
- completed:
    hackage: bifunctors-5.6.2@sha256:115a621c4eaaabb07834f9e4dd3371e21f39d034305062f4bd5cd72c2f8880d2,3332
    pantry-tree:
      sha256: be1b9e8fd657f30236506335e3681a4cb6753f7f655c19ede2140dc4a7487a3c
      size: 1466
  original:
    hackage: bifunctors-5.6.2
- completed:
    hackage: bitvec-1.1.5.0@sha256:434be6dc60e22858a52869c58038c35353f1a778b9679ebc06a2165bcc7f88b3,4921
    pantry-tree:
      sha256: eafad7aa50d0caaa8633ebbbe07e84b0d15c19dca7a44ed77dcccb7a6a3e704a
      size: 2507
  original:
    hackage: bitvec-1.1.5.0
- completed:
    hackage: comonad-5.0.9@sha256:75aded79bf583c908e4e4687c0ae067f256e2507536b75f58ffba7748767c353,3587
    pantry-tree:
      sha256: ab93cc70ca8334920603ca05e2dda24e84e9bfd20d64d1138f7ae3e03cd0ea41
      size: 1616
  original:
    hackage: comonad-5.0.9
- completed:
    hackage: contravariant-1.5.5@sha256:470ed0e040e879e2da4af1b2c8f94e199f6135852a8107858d5ae0a95365835f,3041
    pantry-tree:
      sha256: 9eb62fea28548dc8a0f60fd47c12843092b78b24ed771b8ad63a0bb34dba8bc4
      size: 652
  original:
    hackage: contravariant-1.5.5
- completed:
    hackage: distributive-0.6.2.1@sha256:0f99f5541cca04acf89b64432b03422b6408e830a8dff30e6c4334ef1a48680c,2996
    pantry-tree:
      sha256: a42bed5fe0ba295643538312dee6c9436314c05a6f7efdd32b4303979f8bd744
      size: 735
  original:
    hackage: distributive-0.6.2.1
- completed:
    hackage: exceptions-0.10.7@sha256:a85a0fc00c7eb309f7f8fef84f8c8d915d16b416b9dbfa803b5718a9960aff93,2808
    pantry-tree:
      sha256: f1e5cfea9e9c8af9598f9fe2e61e4e5200f03a4a3a4b8962eac492905e220e05
      size: 739
  original:
    hackage: exceptions-0.10.7
- completed:
    hackage: extra-1.8@sha256:57d9200fbea2e88e05e0be35925511764827b1c86d3214106b0b610f331fc40c,2725
    pantry-tree:
      sha256: 3aafb822ea6975fa23384ef35d82bd67442b302795bf6a58c98b366e75302a1f
      size: 1961
  original:
    hackage: extra-1.8
- completed:
    hackage: fgl-5.8.3.0@sha256:a928ad5225ec6b85963ac9fd7a920416aea979155a3b88fad08a85bbcb68d9eb,3976
    pantry-tree:
      sha256: febaf2aac34c811cba2fe934cfea29aec5d3e1523b9ac24452b3fe38f32e28f8
      size: 2750
  original:
    hackage: fgl-5.8.3.0
- completed:
    hackage: flow-2.0.0.9@sha256:6afc41da66ba7f79d8ff29d9084da3ec7e11bb2c2755223b33f289226556a503,1308
    pantry-tree:
      sha256: 5eec1989bcf657dd4206094d9f4ee94dab19638471fed378b9b460d29b4b2805
      size: 337
  original:
    hackage: flow-2.0.0.9
- completed:
    hackage: free-5.2@sha256:7f3992a66987bbba5a6546420f6129fb9b66b80cdd005d34ec77a1e1c8ed8340,4178
    pantry-tree:
      sha256: 1094ec083cb90761cb2b611b28200e9d40ae71bf69ec62ddcb949a0e094228f9
      size: 3130
  original:
    hackage: free-5.2
- completed:
    hackage: hashable-1.5.0.0@sha256:2f23146cbe0325029927b221647695a4c7d6e97548ff731110979e34361f58ef,5914
    pantry-tree:
      sha256: 3129079baae1af3e7c9dd4585ae667138b69892cefa7c40c392d2cdaefa757c8
      size: 1578
  original:
    hackage: hashable-1.5.0.0
- completed:
    hackage: heaps-0.4.1@sha256:74ce60a23b8ef247b8bca71eeb38289e82b3b5e83b2383600b2c838a68218068,1444
    pantry-tree:
      sha256: 4be8506bb1b0f0a2c83b4052d89901742d555bd1e368d91267488e9f499e05b0
      size: 376
  original:
    hackage: heaps-0.4.1
- completed:
    hackage: hmatrix-0.20.2@sha256:0d79c947523faf70b4962d6bfa6c00672983ad749073971ace204dd71a149694,5226
    pantry-tree:
      sha256: e9dd4b69fc5301b55396df97c01713f26f404c7fbf6606955906eb04ffefc483
      size: 2228
  original:
    hackage: hmatrix-0.20.2
- completed:
    hackage: hmatrix-glpk-0.19.0.0@sha256:cf46c54bc3878bd207674ad88c3389083809f4df862df68ee64c6708dc517a52,1683
    pantry-tree:
      sha256: 8e781b7b10d93e1def514c48da663b1b046ed5c23857938bad1229e9f4a589c1
      size: 660
  original:
    hackage: hmatrix-glpk-0.19.0.0
- completed:
    hackage: hmatrix-gsl-0.19.0.1@sha256:da2329e40e385d27ea0b9c00f47fc0085bf01ae48974a6cc162600b8cbe38012,3003
    pantry-tree:
      sha256: facb0aee1e58c3b88d3597d0efc332fb0fc96afd8f77fbf817bcecb414829e6b
      size: 1447
  original:
    hackage: hmatrix-gsl-0.19.0.1
- completed:
    hackage: hmatrix-special-0.19.0.0@sha256:09cc1020ea21d28570cff9e98164773cddb7d757aaf20aff5b59458204bd83c4,2817
    pantry-tree:
      sha256: dab6423c7ec25921bf902878be07ce5b00e743619b7e146dbfe4a849a29a4c8c
      size: 2654
  original:
    hackage: hmatrix-special-0.19.0.0
- completed:
    hackage: ilist-0.4.0.1@sha256:126019faf3d02f305c5762ae9602be1cbf76291153a1a7461270ad1429678111,3305
    pantry-tree:
      sha256: 1e45ec9d7d543f0689da97b6de57b9a729c605660af73e15848c10b37640a888
      size: 438
  original:
    hackage: ilist-0.4.0.1
- completed:
    hackage: indexed-traversable-0.1.4@sha256:42d9e84a65a0c17c248233cab98ada872ff6140dfa24d109d6eb285204d07e7d,2098
    pantry-tree:
      sha256: d3e9e60aede3658838fa552646552212f01a3cba19bd50397c86795a28d67b27
      size: 625
  original:
    hackage: indexed-traversable-0.1.4
- completed:
    hackage: indexed-traversable-instances-0.1.2@sha256:68df0fc8070ae2c15f9e6febf1449fee364c131a6d1e93cac45e7895ba86dd89,2401
    pantry-tree:
      sha256: 5d8873d51e28d42eebe7c13e3acb5e8a7ddfc2dd42ad011c96bb47b94b1f6b2e
      size: 366
  original:
    hackage: indexed-traversable-instances-0.1.2
- completed:
    hackage: integer-logarithms-1.0.4@sha256:caa8eaf9e69fe19f0d356b3f3185df628131407413c182b314ac5dfe2217e4d1,3082
    pantry-tree:
      sha256: 81944a6c5f037703281d67542f07f46a88d5ed6e5449dc7ec16429305348e758
      size: 865
  original:
    hackage: integer-logarithms-1.0.4
- completed:
    hackage: kan-extensions-5.2.7@sha256:b91397acc14202e8a9eb5717c9d5ca12b63c00b410e902cb11f76d38fcec7895,2569
    pantry-tree:
      sha256: 414cf4a94a3f26ae147088791eca427b4310bee5592c8a1670121eab2f6f08ed
      size: 1306
  original:
    hackage: kan-extensions-5.2.7
- completed:
    hackage: lens-5.3.5@sha256:e0413689b39ea25e12b42b1d79b1afbd2261a1f5a98af66f33383f6393c25a19,15292
    pantry-tree:
      sha256: 1caa253a47c95f600a87440b6248d632a398026212e7761a9b3e3f8798aa4ac6
      size: 8405
  original:
    hackage: lens-5.3.5
- completed:
    hackage: linear-base-0.5.0@sha256:cd26e767ccb01242b7d5614dd5ca9dd37e04a84d13db72e94ccbe309251f095b,7285
    pantry-tree:
      sha256: 25e33e63e73e102195edf56fd863c84399480a1b160fe5cf9eda8a6e03857dd6
      size: 9196
  original:
    hackage: linear-base-0.5.0
- completed:
    hackage: list-t-1.0.5.7@sha256:01f2e286feacfd0e05ff69b7ad142ffeef66d656b244ae32bc382fc532747079,2130
    pantry-tree:
      sha256: ecec49fc48cdbd2df8e9034d7fa84ee77ea342aa59835e3ae6fe61e63ba2701d
      size: 284
  original:
    hackage: list-t-1.0.5.7
- completed:
    hackage: massiv-1.0.5.0@sha256:d0c1a8a2b2adb5453678b1608f7772b390a4e4850a70c80acb7ada8933c07f80,5364
    pantry-tree:
      sha256: d79f6d4aac77cd1d6e3c8655f871670c2623919efb90dda74d2e5a15420f1b2a
      size: 4070
  original:
    hackage: massiv-1.0.5.0
- completed:
    hackage: megaparsec-9.7.0@sha256:77e331b4240385974e68d1f8d5ca9014274983cc9ccb8caced743d360c3a409f,3407
    pantry-tree:
      sha256: b8e50b0a933e7d5a0859179203f1dda677fcd57749164168adbd3c815ce733a8
      size: 1612
  original:
    hackage: megaparsec-9.7.0
- completed:
    hackage: monad-memo-0.5.4@sha256:2f3d2443c550b7b50a1dd78fe2065ee3247886df662b021ed55e1d8ef68e9e64,3702
    pantry-tree:
      sha256: be8aea204289be1b6a82fd76d86fd4e37725d8477a60775c9f6e7621e9d33b1b
      size: 1830
  original:
    hackage: monad-memo-0.5.4
- completed:
    hackage: mono-traversable-1.0.21.0@sha256:7e6269eadfa45fe8433e01f6dace1397eb3ae423931071634be806eb2ed73b17,2279
    pantry-tree:
      sha256: 9eb3d3b3350184c88ac717552d68b68a79d1a1425776a9f8e200c5df7294a986
      size: 822
  original:
    hackage: mono-traversable-1.0.21.0
- completed:
    hackage: mutable-containers-0.3.4.1@sha256:9fb65a0d702e00b4c29a80a924b08db28aef77674ffae47486d92504166815e1,2228
    pantry-tree:
      sha256: 419e76b48f6b6615079c9bc72e16a33b2bdae601a3a135b320a44e48869abd70
      size: 944
  original:
    hackage: mutable-containers-0.3.4.1
- completed:
    hackage: mwc-random-0.15.2.0@sha256:89d49395d04df402d33550e4083438e7e26adb0db9130f8f985cc196dc19bb80,4533
    pantry-tree:
      sha256: d97c152327ca34a4d71c610a1b071cacd98bdbedb90d70e7c93161127f6d82af
      size: 899
  original:
    hackage: mwc-random-0.15.2.0
- completed:
    hackage: parallel-3.2.2.0@sha256:3df46ec247e12b5e406a0adb9577294431b24814b30df420551d176fd112a966,2038
    pantry-tree:
      sha256: 53a621c99658b84edf55cdbf8bbd74126d9cec6a2a0e6db3f5bef393cbe653ee
      size: 392
  original:
    hackage: parallel-3.2.2.0
- completed:
    hackage: parsec-3.1.18.0@sha256:dfbb9835b8abc966b6bbd34340ef5122227b4cf4480062b85ca4c4704f054f98,4535
    pantry-tree:
      sha256: 48ae1440eb8eb4fecde2a724c492e830ff2bec341117164302399b417733bf70
      size: 2810
  original:
    hackage: parsec-3.1.18.0
- completed:
    hackage: parser-combinators-1.3.0@sha256:8659573e0d443d573f5b53f81b81dafbdc988d282b90c11e3da73562b4ea7876,1640
    pantry-tree:
      sha256: 4e23178c63f624bbe16342a9b3cfb4afdddee393ce0beec9b19cce0a0345a080
      size: 795
  original:
    hackage: parser-combinators-1.3.0
- completed:
    hackage: pretty-1.1.3.6@sha256:e16ffc733e816cfc09e99cc7f2398805f1f4c872d238a6b81668b5527284b382,2482
    pantry-tree:
      sha256: 9f62289797600d7121862309c306a3b495f872dccfe3d5c4bdeaf85d5ad12dd7
      size: 1308
  original:
    hackage: pretty-1.1.3.6
- completed:
    hackage: primitive-0.9.1.0@sha256:756b222c715bc6ef5ba81fa69cdbaa20c5c53beb6f16f174b8bacc93a6d239f0,3258
    pantry-tree:
      sha256: f3316dce468a892930234a85193674461341e77426e7c46c82448f363367a528
      size: 1793
  original:
    hackage: primitive-0.9.1.0
- completed:
    hackage: profunctors-5.6.3@sha256:bfdb8c8b8cd4390e30219219edaff6ae7f428516f7338f0b7c39cb16b84bad2c,2408
    pantry-tree:
      sha256: e8f5f68ed5500e294baed4d2be9d7b494be316ab5b86016bf7b72d9ed0f79aa7
      size: 1588
  original:
    hackage: profunctors-5.6.3
- completed:
    hackage: psqueues-0.2.8.2@sha256:ca1ce3f436e975f87686676b6a3abc51b1fc0684aeaae9d6c0e2387dd732876a,4663
    pantry-tree:
      sha256: b0076547e513810ad91fb83cb5b157845797dd0d1b5e61a91e2b28d4dabbca02
      size: 1608
  original:
    hackage: psqueues-0.2.8.2
- completed:
    hackage: random-1.3.1@sha256:0b4f649c3e78713b2ccad1535251ee34b148237fb2229d7058c2b1d9ccc324b8,6004
    pantry-tree:
      sha256: 9e92209c00b0c00b7d1c503e15a27b67b74ac2e3b48269a9255893b06de6836c
      size: 1667
  original:
    hackage: random-1.3.1
- completed:
    hackage: reflection-2.1.9@sha256:eaf28dc9884718a306ed1e0c215a24b36c68b8aa3be425617f66d886d43fe1e0,4171
    pantry-tree:
      sha256: cf3caee8e681914b6323fc0444ea2d51fb403fac0b77f77c7e866be68e73f16c
      size: 1060
  original:
    hackage: reflection-2.1.9
- completed:
    hackage: regex-tdfa-1.3.2.4@sha256:6488844387f001527ebcb797ec5b1b9acf1858b2b30338bcbb6c0bc7c5502acf,6417
    pantry-tree:
      sha256: 1af9e69ccd63144562fcf49420404f3bf873746bfbba0a4f2218fdd465e8bc3a
      size: 2674
  original:
    hackage: regex-tdfa-1.3.2.4
- completed:
    hackage: safe-exceptions-0.1.7.4@sha256:8bb7261bd54bd58acfcb154be6a161fb6d0d31a1852aadc8e927d2ad2d7651d1,1412
    pantry-tree:
      sha256: fa4189feca3ca20f024087c209dfed9bbc8a9f799fb966bc3db9e24aef81dd09
      size: 511
  original:
    hackage: safe-exceptions-0.1.7.4
- completed:
    hackage: scientific-0.3.8.0@sha256:ba83a6701dd0110138443757aca4a42786afa94272b73045ef878fd860d1732e,4397
    pantry-tree:
      sha256: 02072bd4195ad8a74135690f2c94f8ddee5d60d3f6fb1774794bb07a58fbcfd8
      size: 657
  original:
    hackage: scientific-0.3.8.0
- completed:
    hackage: semialign-1.3.1@sha256:dfe515a9e43230f5308564a649a04ea1538499ed98b944644b77bed5394b9deb,2224
    pantry-tree:
      sha256: ca325144ff22c4fb6cda83d77a4e466a79e61f814869868582c778002b1bdaf0
      size: 537
  original:
    hackage: semialign-1.3.1
- completed:
    hackage: semigroupoids-6.0.1@sha256:bfee06a6d88038a88ddd10fc21c230bf5ee3a14d0584dc6ab7ad54a9252c2c21,7539
    pantry-tree:
      sha256: 81c94aeb56b94e1a6f1990d08191db17aa8e4c6f86f966a5f792d73ca61d157d
      size: 2403
  original:
    hackage: semigroupoids-6.0.1
- completed:
    hackage: split-0.2.5@sha256:5bc1ae848bfded3087ea3e568908f1b75f56ecde6f02df3fad1a138dd5c783d5,2625
    pantry-tree:
      sha256: 5d28c851a2c98e3d8ac0f01adc58303d775afe39dce23ec953be64ae65d11166
      size: 443
  original:
    hackage: split-0.2.5
- completed:
    hackage: stm-2.5.3.1@sha256:421b57c9cdf55b4977e9445336be3895ba0c8d92b6ec6e474f140e173270d9dd,2443
    pantry-tree:
      sha256: bf5b63fd751f2aab774df1d76d1a2298c1203b4c7be4f66bae47669e026bfbe9
      size: 1392
  original:
    hackage: stm-2.5.3.1
- completed:
    hackage: strict-0.5.1@sha256:58c373b7c7748cbb4a5a6c8c15073f99a1c10a9a9bb6894ac33f43a5cdb901f2,3557
    pantry-tree:
      sha256: 58e97bedb76e8678bf9851677362a8fe567b3d8021e8cd1e54af2ca99c23632f
      size: 654
  original:
    hackage: strict-0.5.1
- completed:
    hackage: strict-lens-0.4.1@sha256:7f19fc0d6911a1a04ae4eccc809bf2c67c14ee1823468700dd9924c323df9b7e,1288
    pantry-tree:
      sha256: 5467824bd73a4af45a283e0dbc5e2ea7e0b09641e612183656ab999732013978
      size: 270
  original:
    hackage: strict-lens-0.4.1
- completed:
    hackage: tagged-0.8.9@sha256:6aad7d2fd594bd51834450d97850b9959305951993ea739fa2bbc18b55d8767d,2123
    pantry-tree:
      sha256: 24b98df98d96ed0ac99294d5480c4be73116922729bd8824bee1ded571d508f3
      size: 438
  original:
    hackage: tagged-0.8.9
- completed:
    hackage: tf-random-0.5@sha256:14012837d0f0e18fdbbe3d56e67da8622ee5e20b180abce952dd50bd9f36b326,3983
    pantry-tree:
      sha256: d6483580cfea846cbf23ff1d7a67849546d5096425b6d61318a34554043b4ffb
      size: 941
  original:
    hackage: tf-random-0.5
- completed:
    hackage: these-1.2.1@sha256:35c57aede96c15ea1fed559ac287b1168eb2b2869d79e62ed8c845780b7ea136,2294
    pantry-tree:
      sha256: dc6366ac715dfdf5338a615f71b9ed0542c403a6afcbedcddbc879e947aea6b3
      size: 351
  original:
    hackage: these-1.2.1
- completed:
    hackage: these-lens-1.0.2@sha256:70210a36b24bdb4af82f8cf87f118b1cac034598c4b017ffee572188a7b1be1d,1118
    pantry-tree:
      sha256: 743d85f834d2199674ccbc096ece6d532d789b78369897352255b443175ba36f
      size: 223
  original:
    hackage: these-lens-1.0.2
- completed:
    hackage: trifecta-2.1.4@sha256:cf2cd1d8299463efbd7e85b76ffed59ddc33d19912a2a1862d5de9fc69e9c1e4,3654
    pantry-tree:
      sha256: 6e7745c98a50a9be574ce67fd48f10c411e4856f3073624d1db739ed78557bfe
      size: 1741
  original:
    hackage: trifecta-2.1.4
- completed:
    hackage: unboxing-vector-0.2.0.0@sha256:a8f8ddab08d16cd4051fb1febb06aaaa54d211b50001664c06282cfdcb97bab0,3768
    pantry-tree:
      sha256: e0dbf018cae082041160d633263a6e33ffd861fe6813675f3cb0f08b96ad458e
      size: 1349
  original:
    hackage: unboxing-vector-0.2.0.0
- completed:
    hackage: unordered-containers-0.2.20@sha256:233cbcdda6c2698932bb391ce0935fb44f80c115621ee815a21ed33ac8ede422,3921
    pantry-tree:
      sha256: fa7e8ec1f22c5525f1214df2a1f3ee593a31efd7a06592c4da021606cb21505e
      size: 1647
  original:
    hackage: unordered-containers-0.2.20
- completed:
    hackage: utility-ht-0.0.17.2@sha256:ee925ec38eebd2d6f0ff2017d3f9fecde6e27c07f29c64b5b4f9a678ff5fd15e,3149
    pantry-tree:
      sha256: 4a764d901cf2403b82656c623e482c9979eafb4de53a3a19243fc0b8857ee3df
      size: 3211
  original:
    hackage: utility-ht-0.0.17.2
- completed:
    hackage: vector-0.13.2.0@sha256:9ac338c8da52d8a37db08434ca4480fef2cea4f9aac240f4f994bb467f5275b4,8804
    pantry-tree:
      sha256: 9bc1265c2469283d87c2ebffeac07fc923fe4a1e99c1cf31fd1890afb002f8a9
      size: 4478
  original:
    hackage: vector-0.13.2.0
- completed:
    hackage: vector-algorithms-0.9.1.0@sha256:ccb940a004509aa908a16fa6b9b9f4e409e8a660fb5dd4c88274c8df16b1ffbf,3719
    pantry-tree:
      sha256: e3d026808ef11cb4279738582cbe8c4fb733a7f943f22f04858c775f14ba26b6
      size: 1510
  original:
    hackage: vector-algorithms-0.9.1.0
- completed:
    hackage: vector-split-1.0.0.4@sha256:15c7b0b6a34690a2804ab4b88f2bc1f1598fd23b475acfeca52afe281a354032,2223
    pantry-tree:
      sha256: 060704a0dbda8ebcafeb17157f00352399b7a5cda1a497329978700149dcb87d
      size: 349
  original:
    hackage: vector-split-1.0.0.4
- completed:
    hackage: vector-stream-0.1.0.1@sha256:483be6df13c72169a917640589666f9fece7bea9fa13fcd41d052dab37ea289e,1642
    pantry-tree:
      sha256: 8f597e9033aaa83fabc206050fd54b1d702ad0760c20b7f56a781b8d7e614685
      size: 325
  original:
    hackage: vector-stream-0.1.0.1
- completed:
    hackage: vector-th-unbox-0.2.2@sha256:50d26b8d489c9231f6ecf388233507bce39c41c80960275f20456358e821f6b7,1624
    pantry-tree:
      sha256: 655fa227980fdba2ae63b1e64106311f12731e3f9d7d9515dd86ba42da422580
      size: 385
  original:
    hackage: vector-th-unbox-0.2.2
- completed:
    hackage: wide-word-0.1.7.1@sha256:c5fbe5c02cbea7cba548320d3043a1051cbff29b031e22a8caa3df2d72b37d85,3461
    pantry-tree:
      sha256: 221ba3aa522449d7c0a0ab8704f59b3448712aefb821849a9f5dc801b500ed83
      size: 1013
  original:
    hackage: wide-word-0.1.7.1
- completed:
    hackage: witherable-0.5@sha256:85bab588ebca37996fc3171b9d8b2e065eb0536c9f44224bcf037c0849a881de,2343
    pantry-tree:
      sha256: ca0cdc66ffc5213fb3b430a3a6797f9e24f1bd02abd34144c0c18d6c51a4710e
      size: 321
  original:
    hackage: witherable-0.5
- completed:
    hackage: xhtml-3000.2.2.1@sha256:4d9e149310cbbc1c337684fef4e1287281905b2dd39d0cc736736ed416a4f87b,2911
    pantry-tree:
      sha256: bc4566bba7f87a859891898b241f434690d1eb8be2c41f4bac5313796b55754e
      size: 1197
  original:
    hackage: xhtml-3000.2.2.1
- completed:
    hackage: ansi-terminal-types-1.1.3@sha256:1d6061eceaf35a9ed269b81177dd4c8c60403a499526f7f68fdffa4ec7842e7f,1523
    pantry-tree:
      sha256: 99497d3d290b931b8aa15e341f74c14b9da8312f7610987973f634c68f640c69
      size: 365
  original:
    hackage: ansi-terminal-types-1.1.3@sha256:1d6061eceaf35a9ed269b81177dd4c8c60403a499526f7f68fdffa4ec7842e7f,1523
- completed:
    hackage: atomic-primops-0.8.8@sha256:b1c7845aaf0b9b5df44d1f25222b50c54c9e7c9a32ad5ccd00580a282bfed014,2414
    pantry-tree:
      sha256: 841137c12b808834539037b3c98bf67c5663e02da83b426b62de9da41c342a72
      size: 1302
  original:
    hackage: atomic-primops-0.8.8@sha256:b1c7845aaf0b9b5df44d1f25222b50c54c9e7c9a32ad5ccd00580a282bfed014,2414
- completed:
    hackage: colour-2.3.6@sha256:ebdcbf15023958838a527e381ab3c3b1e99ed12d1b25efeb7feaa4ad8c37664a,2378
    pantry-tree:
      sha256: 03f8e22f364deb86098dbfbe0bf83c896437b2355f139abdac0402658fb6ac7e
      size: 1183
  original:
    hackage: colour-2.3.6@sha256:ebdcbf15023958838a527e381ab3c3b1e99ed12d1b25efeb7feaa4ad8c37664a,2378
- completed:
    hackage: data-default-class-0.2.0.0@sha256:788dc5c0be3981ca83ad11206e300a77ae8a1c8b9bc4f9630f563d37f540ccbd,728
    pantry-tree:
      sha256: 2ddcb2ed7288849c7c46c7b3ae4fd0df016069a125f5803740974ea59700df19
      size: 224
  original:
    hackage: data-default-class-0.2.0.0@sha256:788dc5c0be3981ca83ad11206e300a77ae8a1c8b9bc4f9630f563d37f540ccbd,728
- completed:
    hackage: optparse-applicative-0.19.0.0@sha256:0b47b3ff7eb4a855b5f7d401690365fc62a32057374927ce0d478b620996222d,5813
    pantry-tree:
      sha256: 91733e6f053044a8b0dad22808cffb83f745299293312659c95a38edc79aadeb
      size: 4091
  original:
    hackage: optparse-applicative-0.19.0.0@sha256:0b47b3ff7eb4a855b5f7d401690365fc62a32057374927ce0d478b620996222d,5813
- completed:
    hackage: pvar-1.0.0.0@sha256:3d4a6855b0960baee78f6956f082eb8aa1cede52d2955b7faef186d1133f7964,1893
    pantry-tree:
      sha256: 576f730a8c63a06a4e3b04e841eb5a4f86680bf0e408c86973fe3e3d9acbc3f9
      size: 700
  original:
    hackage: pvar-1.0.0.0@sha256:3d4a6855b0960baee78f6956f082eb8aa1cede52d2955b7faef186d1133f7964,1893
- completed:
    hackage: storable-record-0.0.7@sha256:41b5ef62468b978f163ba36d5c531ececdd19a66b2144ed0f9c1df3521378f1e,3899
    pantry-tree:
      sha256: e668a5e81909357898f6dff00c2de3030b06c6706ee3cf71ac98c7ac2178fce8
      size: 836
  original:
    hackage: storable-record-0.0.7@sha256:41b5ef62468b978f163ba36d5c531ececdd19a66b2144ed0f9c1df3521378f1e,3899
- completed:
    hackage: OneTuple-0.4.2@sha256:dd7266f983da2970e5662168add810dabadabb3a4bb9b137181eafc0ac7ea4d4,2013
    pantry-tree:
      sha256: 44544b7ff1a54d53ed4f0c3589546f1a97d7ff7757dc9c7626d920f052a77f2f
      size: 506
  original:
    hackage: OneTuple-0.4.2@sha256:dd7266f983da2970e5662168add810dabadabb3a4bb9b137181eafc0ac7ea4d4,2013
- completed:
    hackage: StateVar-1.2.2@sha256:3c022c00485fe165e3080d5da6b3ca9c9b02f62c5deebc584d1b3d1309ce673e,1673
    pantry-tree:
      sha256: 204cac98219e99334f47b12c565945611748ea03a4d629273dd697d738bcfd7f
      size: 314
  original:
    hackage: StateVar-1.2.2@sha256:3c022c00485fe165e3080d5da6b3ca9c9b02f62c5deebc584d1b3d1309ce673e,1673
- completed:
    hackage: ansi-terminal-1.1.5@sha256:408d9232e5304efead718f96138d6d7eb2da608c6121c5c0dc6a71a833b14320,3327
    pantry-tree:
      sha256: 081bff43a1d384922a9d9b7b27c96c1fa0ecadbd4dfe0e801b2931e06ee4b50f
      size: 1111
  original:
    hackage: ansi-terminal-1.1.5@sha256:408d9232e5304efead718f96138d6d7eb2da608c6121c5c0dc6a71a833b14320,3327
- completed:
    hackage: assoc-1.1.1@sha256:0ab39b4d1feb4caca95ac6e314f48782b27a86a6b8d1f5e8dc4be9fbed11185f,1420
    pantry-tree:
      sha256: 1eba99c779743842d7d04248c599a23ac6cc9f857e998c0b273c11d7db463b9e
      size: 290
  original:
    hackage: assoc-1.1.1@sha256:0ab39b4d1feb4caca95ac6e314f48782b27a86a6b8d1f5e8dc4be9fbed11185f,1420
- completed:
    hackage: base-orphans-0.9.3@sha256:c95cd3490ef99998a496de26afe8879a1d7780fa181a4479a956c690d74f75f1,3161
    pantry-tree:
      sha256: edea653b8c0beed2e75e504ead7986547b432c2a331f0b3220ede9bce52b5f84
      size: 1273
  original:
    hackage: base-orphans-0.9.3@sha256:c95cd3490ef99998a496de26afe8879a1d7780fa181a4479a956c690d74f75f1,3161
- completed:
    hackage: blaze-builder-0.4.4.1@sha256:f7bc95f78aaf183389c227f8754efca8a951b66bc0752e11b0af6c8b723279f4,3411
    pantry-tree:
      sha256: 8f89c68c080ac089acaabd2bdc6d0b33220a89ff199cc797832c4a4512abf259
      size: 3063
  original:
    hackage: blaze-builder-0.4.4.1@sha256:f7bc95f78aaf183389c227f8754efca8a951b66bc0752e11b0af6c8b723279f4,3411
- completed:
    hackage: blaze-html-0.9.2.0@sha256:85c42f84f4ead2c48844fbe0865069add3bb3bb3322d38607e93d5515a4c9c58,3087
    pantry-tree:
      sha256: fcb1e7d102785f4135288cb0e9630435218c83fe80b685f6a2568ac5b407c186
      size: 2227
  original:
    hackage: blaze-html-0.9.2.0@sha256:85c42f84f4ead2c48844fbe0865069add3bb3bb3322d38607e93d5515a4c9c58,3087
- completed:
    hackage: blaze-markup-0.8.3.0@sha256:027f218b81d28a7c0a33b93d456c4e5aa92d145e9dcee14834fbad73a39ad7e4,2360
    pantry-tree:
      sha256: f4a0290cef7c7890f0b46b0dc02340e0800b497ae129584a580a24cb8f8af592
      size: 818
  original:
    hackage: blaze-markup-0.8.3.0@sha256:027f218b81d28a7c0a33b93d456c4e5aa92d145e9dcee14834fbad73a39ad7e4,2360
- completed:
    hackage: call-stack-0.4.0@sha256:ac44d2c00931dc20b01750da8c92ec443eb63a7231e8550188cb2ac2385f7feb,1200
    pantry-tree:
      sha256: 04134fa69cdd824b4e4bb7f77e7173e0705f27deabdbbf99549c549400191e1e
      size: 501
  original:
    hackage: call-stack-0.4.0@sha256:ac44d2c00931dc20b01750da8c92ec443eb63a7231e8550188cb2ac2385f7feb,1200
- completed:
    hackage: case-insensitive-1.2.1.0@sha256:9dfd3171fc7698cf8d931727d3af3a7b389135b583e46b5adac1f9d2026fff61,2244
    pantry-tree:
      sha256: d6f175b17eacce002fc5336c17e119d989bd97f8ad9702446163c9e27c7c79b7
      size: 688
  original:
    hackage: case-insensitive-1.2.1.0@sha256:9dfd3171fc7698cf8d931727d3af3a7b389135b583e46b5adac1f9d2026fff61,2244
- completed:
    hackage: charset-0.3.12@sha256:1407d80cd518b0329f45b4beb8d67cdee1eff67e2d55670876b1a28635d1a1ad,1578
    pantry-tree:
      sha256: f7ceeb7e43c4f0fc3828a200b3e16e5e1a19da4d031680d63d4e927e0e7a04fa
      size: 893
  original:
    hackage: charset-0.3.12@sha256:1407d80cd518b0329f45b4beb8d67cdee1eff67e2d55670876b1a28635d1a1ad,1578
- completed:
    hackage: clock-0.8.4@sha256:b938655b00cf204ce69abfff946021bed111d2609a9f7a9c22e28a1a202e9115,4631
    pantry-tree:
      sha256: 0ca511f7ea409e65a9de5539f265bb906a3eec6a4ac1a201731a8a328120cc88
      size: 499
  original:
    hackage: clock-0.8.4@sha256:b938655b00cf204ce69abfff946021bed111d2609a9f7a9c22e28a1a202e9115,4631
- completed:
    hackage: fingertree-0.1.6.3@sha256:cd256474cab1d0a2e40f9440ad8194f790b06cef7aa70e5bc12bad09fc8acd96,2144
    pantry-tree:
      sha256: 0f9f7430e1fb43182ef37a063df56e38f5a061a892f9003a2f1ccf6d980f8aeb
      size: 530
  original:
    hackage: fingertree-0.1.6.3@sha256:cd256474cab1d0a2e40f9440ad8194f790b06cef7aa70e5bc12bad09fc8acd96,2144
- completed:
    hackage: foldl-1.4.18@sha256:aa42a0d8db37909c2bf69861447b9f40b4993166f32a981f6eefbac503d151c7,2793
    pantry-tree:
      sha256: 266ba0e7623c6805b9734d0f5349a997afb3a0d72eb93e5e5688064a09482d1c
      size: 1030
  original:
    hackage: foldl-1.4.18@sha256:aa42a0d8db37909c2bf69861447b9f40b4993166f32a981f6eefbac503d151c7,2793
- completed:
    hackage: invariant-0.6.4@sha256:4a9a609f4e93ffed158b3b4f5a80822c6da30aa71a5370307c0c00c2d658d1c6,3513
    pantry-tree:
      sha256: 7930b7eb0cb07ed9c0606388474731c35378559487a1d500232ad55f4bdebfa0
      size: 650
  original:
    hackage: invariant-0.6.4@sha256:4a9a609f4e93ffed158b3b4f5a80822c6da30aa71a5370307c0c00c2d658d1c6,3513
- completed:
    hackage: linear-generics-0.2.3@sha256:c8cd81a80ec1d182b8d4923f8720dfe45aff979ca31523f12f190d0901d9e7f5,6285
    pantry-tree:
      sha256: 5d7aab5447a8f6f04489c424e4fc3083dd827bc7d3389788a2e8d2a07d853b4d
      size: 2819
  original:
    hackage: linear-generics-0.2.3@sha256:c8cd81a80ec1d182b8d4923f8720dfe45aff979ca31523f12f190d0901d9e7f5,6285
- completed:
    hackage: logict-0.8.2.0@sha256:24e023b7c75cbf61d1c94c84479949dc4715dbce0824fa7562396679f56a2647,1722
    pantry-tree:
      sha256: 8e14b991354a8b1e94e55c8775e81fee950f221b3afdef606e176cce77c1938e
      size: 504
  original:
    hackage: logict-0.8.2.0@sha256:24e023b7c75cbf61d1c94c84479949dc4715dbce0824fa7562396679f56a2647,1722
- completed:
    hackage: math-functions-0.3.4.4@sha256:859a4f623c5f238e345f241e38c551cc4776cadc59b1e511880bbf7968f7419f,4561
    pantry-tree:
      sha256: 2b3c7a2a254dbba367f5b8a6b7a5d6ed31aa44dfd8ccdddccd5f187d264e60cd
      size: 3112
  original:
    hackage: math-functions-0.3.4.4@sha256:859a4f623c5f238e345f241e38c551cc4776cadc59b1e511880bbf7968f7419f,4561
- completed:
    hackage: mmorph-1.2.1@sha256:ea4c137f09d377ad071ff266a5f623c67376ff100094b96c44eedd7d3042ee02,1083
    pantry-tree:
      sha256: 30373a9646d9056b1dc2c23d2674ed6c960d030116b088a89b5503c3b99523b5
      size: 346
  original:
    hackage: mmorph-1.2.1@sha256:ea4c137f09d377ad071ff266a5f623c67376ff100094b96c44eedd7d3042ee02,1083
- completed:
    hackage: monad-control-1.0.3.1@sha256:2d657279839e1a760c86a69f00f0c36473ef6972d413ec0f83a40249c70e098e,2365
    pantry-tree:
      sha256: f6b2e10b7ad03cbc2bd1df28543c9d514d54bd39833e318b48e5f0998d876df5
      size: 292
  original:
    hackage: monad-control-1.0.3.1@sha256:2d657279839e1a760c86a69f00f0c36473ef6972d413ec0f83a40249c70e098e,2365
- completed:
    hackage: os-string-2.0.8@sha256:d8b0f9cc3c7efb14c9924699322c8f151f30a65e8845bdf53bd344af47452344,3298
    pantry-tree:
      sha256: 08d9ae91b86c500fc357f6be231fd8faf372525406e9fd7122c9bdd7aefcfaa6
      size: 2295
  original:
    hackage: os-string-2.0.8@sha256:d8b0f9cc3c7efb14c9924699322c8f151f30a65e8845bdf53bd344af47452344,3298
- completed:
    hackage: parsers-0.12.12@sha256:c6b50e17e9f549e0980aad2ab246251cf848b7bc48ebc63b8e9461be942ec687,3313
    pantry-tree:
      sha256: 1eac6f4b646c631fcdbfd6cf35ef71aa3cea5cf15d9454887c71a83d42f0701d
      size: 935
  original:
    hackage: parsers-0.12.12@sha256:c6b50e17e9f549e0980aad2ab246251cf848b7bc48ebc63b8e9461be942ec687,3313
- completed:
    hackage: prettyprinter-1.7.1@sha256:9c43c9d8c3cd9f445596e5a2379574bba87f935a4d1fa41b5407ee3cf4edc743,6987
    pantry-tree:
      sha256: cd6f393bf7cba603a1958a139915fc343efd5488e36fd7b3b5c6956c002d04fa
      size: 3460
  original:
    hackage: prettyprinter-1.7.1@sha256:9c43c9d8c3cd9f445596e5a2379574bba87f935a4d1fa41b5407ee3cf4edc743,6987
- completed:
    hackage: prettyprinter-ansi-terminal-1.1.3@sha256:b00f727b964cf13adff7acf575a71fa7e405f5240aff50b07f10df76ab89f8d3,2574
    pantry-tree:
      sha256: b5d276267049502c72fdcd2f1d84c15b3598160d61de0482a2e5bb62c40bd4ea
      size: 820
  original:
    hackage: prettyprinter-ansi-terminal-1.1.3@sha256:b00f727b964cf13adff7acf575a71fa7e405f5240aff50b07f10df76ab89f8d3,2574
- completed:
    hackage: reducers-3.12.5@sha256:683b0cb05d5bb0dff7d7e1d626f81245bd81b0c5f01414657ebd213046913e1a,2436
    pantry-tree:
      sha256: cb3cc5c1398ec418993c078d553ca2616d3b74bd33c658f7362ef26d6a4c0ef5
      size: 1249
  original:
    hackage: reducers-3.12.5@sha256:683b0cb05d5bb0dff7d7e1d626f81245bd81b0c5f01414657ebd213046913e1a,2436
- completed:
    hackage: regex-base-0.94.0.3@sha256:d6c0c6d1136f5046207a331114ff4130e70640452096de7719bf03e3fceb7c7b,2391
    pantry-tree:
      sha256: abc994abb47c2e060b4f1b370ee163ecd96409a5131a1eee0178af03cc72cad5
      size: 532
  original:
    hackage: regex-base-0.94.0.3@sha256:d6c0c6d1136f5046207a331114ff4130e70640452096de7719bf03e3fceb7c7b,2391
- completed:
    hackage: scheduler-2.0.1.0@sha256:c8e367520c8190fc098dda02c6e2b34aae1f1a420a2ea9d7929708cdbea10b2e,2905
    pantry-tree:
      sha256: bdec941d177b4ae9eaaad69865ea86c0abf6ef5d9f36e359a631a45d8cee0dae
      size: 921
  original:
    hackage: scheduler-2.0.1.0@sha256:c8e367520c8190fc098dda02c6e2b34aae1f1a420a2ea9d7929708cdbea10b2e,2905
- completed:
    hackage: semigroups-0.20@sha256:925341e6f7eb104cb490bef06eab93bb7995c7c67c51ee938185a2ddefa7aaf2,6333
    pantry-tree:
      sha256: d4d3f0b32a68cf8808fcb8d2de117ab9ec09dbfec93a297aa3d386ca79a0fe05
      size: 481
  original:
    hackage: semigroups-0.20@sha256:925341e6f7eb104cb490bef06eab93bb7995c7c67c51ee938185a2ddefa7aaf2,6333
- completed:
    hackage: splitmix-0.1.3.1@sha256:d0002f3fb16a2cc5ba8afd47a6657726386edccfe8853d310e3479fe3b45201b,6552
    pantry-tree:
      sha256: ee5cc5c14fc38941b91318872f8fe131881b35379a1b5b2b563ba739417661af
      size: 1642
  original:
    hackage: splitmix-0.1.3.1@sha256:d0002f3fb16a2cc5ba8afd47a6657726386edccfe8853d310e3479fe3b45201b,6552
- completed:
    hackage: storable-complex-0.2.3.0@sha256:990a8b8b843c2d58d6b6f303a13b006ea444f722217c848f573d2444f391ea6a,1157
    pantry-tree:
      sha256: ca9f302ede83a1519b19840471bbb9dfbffcda3c1e8355f8b125499e94cd7714
      size: 331
  original:
    hackage: storable-complex-0.2.3.0@sha256:990a8b8b843c2d58d6b6f303a13b006ea444f722217c848f573d2444f391ea6a,1157
- completed:
    hackage: storable-tuple-0.1@sha256:75897946f56c019b863c9deaabf887eef603130a2db8f5458cda750a304b1887,2123
    pantry-tree:
      sha256: 94bf2356e0d72695b453b341f10f92ff038083712d310428286b68f225daed72
      size: 279
  original:
    hackage: storable-tuple-0.1@sha256:75897946f56c019b863c9deaabf887eef603130a2db8f5458cda750a304b1887,2123
- completed:
    hackage: tasty-1.5.3@sha256:6b5dda3f16db1274a0b3e6c4073ac57172a1e96b1dca05666c5cbd1183639412,2923
    pantry-tree:
      sha256: 55cabcd98ff0f5c671a93fb138b8b8cb1cf223497b0fbf9207e6c519fd54a9e9
      size: 1944
  original:
    hackage: tasty-1.5.3@sha256:6b5dda3f16db1274a0b3e6c4073ac57172a1e96b1dca05666c5cbd1183639412,2923
- completed:
    hackage: th-abstraction-0.7.1.0@sha256:3011403d85b0070630e33d66b9370535ccd1e0e672ae58f847550b2b15bb4fd8,2268
    pantry-tree:
      sha256: b96d2646ca1f9ef264743693224eb4dcf677ac1e345880f0c9e1ad12dd3d13c8
      size: 671
  original:
    hackage: th-abstraction-0.7.1.0@sha256:3011403d85b0070630e33d66b9370535ccd1e0e672ae58f847550b2b15bb4fd8,2268
- completed:
    hackage: transformers-base-0.4.6@sha256:6f18f320e371c8954c4b6b211e2fdd5d15a6d6310bd605b9d640f47ede408961,1643
    pantry-tree:
      sha256: 6c2d24a9678865e2a5f4b6286cb17228673a6987fb546bf07b89ffbd19716ad2
      size: 275
  original:
    hackage: transformers-base-0.4.6@sha256:6f18f320e371c8954c4b6b211e2fdd5d15a6d6310bd605b9d640f47ede408961,1643
- completed:
    hackage: transformers-compat-0.7.2@sha256:044fb9955f63ee138fcebedfdcbe54afe741f2d5892a2d0bdf3a8052bd342643,5601
    pantry-tree:
      sha256: f49610c6a2faf82111e5d4222576f4afbcfa904bf56665232c5aa077dfc7578f
      size: 1724
  original:
    hackage: transformers-compat-0.7.2@sha256:044fb9955f63ee138fcebedfdcbe54afe741f2d5892a2d0bdf3a8052bd342643,5601
- completed:
    hackage: unliftio-core-0.2.1.0@sha256:f6a2736f858b5390d9384dca43d3ea4d96e9ca17217791791ca4951ba6e8072a,996
    pantry-tree:
      sha256: a585417c216bb1a20be0b53a62b6fed6891ff4e30872ec2d706c144eac81e2ec
      size: 327
  original:
    hackage: unliftio-core-0.2.1.0@sha256:f6a2736f858b5390d9384dca43d3ea4d96e9ca17217791791ca4951ba6e8072a,996
- completed:
    hackage: utf8-string-1.0.2@sha256:79416292186feeaf1f60e49ac5a1ffae9bf1b120e040a74bf0e81ca7f1d31d3f,1538
    pantry-tree:
      sha256: 0863c3c9b6ee24dd38873c62e38ac46dd50aff2ea6b362beadf7f9b4a273c75f
      size: 601
  original:
    hackage: utf8-string-1.0.2@sha256:79416292186feeaf1f60e49ac5a1ffae9bf1b120e040a74bf0e81ca7f1d31d3f,1538
- completed:
    hackage: void-0.7.4@sha256:1b7ecd52bd3a8a0600bec0f06096f385dfcd0d4db04365b1663211a2b5288cda,1353
    pantry-tree:
      sha256: c2270f466ca127a0a4b2ead831c845ba81532d026237ba953f7ebfee10cd960d
      size: 471
  original:
    hackage: void-0.7.4
- completed:
    hackage: data-default-0.8.0.1@sha256:536ff91641a39b8ad302eebceff767d86ec6b543b44b1db9104650a2b1bc63bd,1110
    pantry-tree:
      sha256: d9e57565e157da76676ac080eddf8d9ceaadf54039749eef1736073fd0f3842c
      size: 382
  original:
    hackage: data-default-0.8.0.1@sha256:536ff91641a39b8ad302eebceff767d86ec6b543b44b1db9104650a2b1bc63bd,1110
snapshots: []
